
Microsoft Visual Studio Solution File, Format Version 12.00
# Visual Studio Version 16
VisualStudioVersion = 16.0.28531.58
MinimumVisualStudioVersion = 10.0.40219.1
Project("{FAE04EC0-301F-11D3-BF4B-00C04F79EFBC}") = "AssemblyRebuilder", "AssemblyRebuilder\AssemblyRebuilder.csproj", "{CFCED29C-DE11-4282-AA6F-80526D3306A7}"
EndProject
Global
	GlobalSection(SolutionConfigurationPlatforms) = preSolution
		Debug|Any CPU = Debug|Any CPU
		Release|Any CPU = Release|Any CPU
	EndGlobalSection
	GlobalSection(ProjectConfigurationPlatforms) = postSolution
		{CFCED29C-DE11-4282-AA6F-80526D3306A7}.Debug|Any CPU.ActiveCfg = Debug|Any CPU
		{CFCED29C-DE11-4282-AA6F-80526D3306A7}.Debug|Any CPU.Build.0 = Debug|Any CPU
		{CFCED29C-DE11-4282-AA6F-80526D3306A7}.Release|Any CPU.ActiveCfg = Release|Any CPU
		{CFCED29C-DE11-4282-AA6F-80526D3306A7}.Release|Any CPU.Build.0 = Release|Any CPU
	EndGlobalSection
	GlobalSection(SolutionProperties) = preSolution
		HideSolutionNode = FALSE
	EndGlobalSection
	GlobalSection(ExtensibilityGlobals) = postSolution
		SolutionGuid = {AE7E1123-1D3B-4D82-A3D1-43A996487BD7}
	EndGlobalSection
EndGlobal
